
Microsoft Visual Studio Solution File, Format Version 12.00
# Visual Studio Version 17
VisualStudioVersion = 17.5.002.0
MinimumVisualStudioVersion = 10.0.40219.1
Project("{9A19103F-16F7-4668-BE54-9A1E7A4F7556}") = "expense-application", "expense-application.csproj", "{BB392243-9115-4234-8EEE-936D9A63FD1A}"
EndProject
Global
	GlobalSection(SolutionConfigurationPlatforms) = preSolution
		Debug|Any CPU = Debug|Any CPU
		Release|Any CPU = Release|Any CPU
	EndGlobalSection
	GlobalSection(ProjectConfigurationPlatforms) = postSolution
		{BB392243-9115-4234-8EEE-936D9A63FD1A}.Debug|Any CPU.ActiveCfg = Debug|Any CPU
		{BB392243-9115-4234-8EEE-936D9A63FD1A}.Debug|Any CPU.Build.0 = Debug|Any CPU
		{BB392243-9115-4234-8EEE-936D9A63FD1A}.Release|Any CPU.ActiveCfg = Release|Any CPU
		{BB392243-9115-4234-8EEE-936D9A63FD1A}.Release|Any CPU.Build.0 = Release|Any CPU
	EndGlobalSection
	GlobalSection(SolutionProperties) = preSolution
		HideSolutionNode = FALSE
	EndGlobalSection
	GlobalSection(ExtensibilityGlobals) = postSolution
		SolutionGuid = {1A47A28A-F42A-42F7-98D7-CC634D9A87DE}
	EndGlobalSection
EndGlobal
